
Microsoft Visual Studio Solution File, Format Version 12.00
# Visual Studio 14
VisualStudioVersion = 14.0.25420.1
MinimumVisualStudioVersion = 10.0.40219.1
Project("{FAE04EC0-301F-11D3-BF4B-00C04F79EFBC}") = "Relebuf", "src\Relebuf\Relebuf.csproj", "{F1FF8A55-98FB-41F0-8F24-A30A0A242A7F}"
EndProject
Project("{FAE04EC0-301F-11D3-BF4B-00C04F79EFBC}") = "Relebuf.Tests", "src\Relebuf.Tests\Relebuf.Tests.csproj", "{A192530C-660A-4903-818D-AD0C8398E314}"
EndProject
Global
	GlobalSection(SolutionConfigurationPlatforms) = preSolution
		Debug|Any CPU = Debug|Any CPU
		Release|Any CPU = Release|Any CPU
	EndGlobalSection
	GlobalSection(ProjectConfigurationPlatforms) = postSolution
		{F1FF8A55-98FB-41F0-8F24-A30A0A242A7F}.Debug|Any CPU.ActiveCfg = Debug|Any CPU
		{F1FF8A55-98FB-41F0-8F24-A30A0A242A7F}.Debug|Any CPU.Build.0 = Debug|Any CPU
		{F1FF8A55-98FB-41F0-8F24-A30A0A242A7F}.Release|Any CPU.ActiveCfg = Release|Any CPU
		{F1FF8A55-98FB-41F0-8F24-A30A0A242A7F}.Release|Any CPU.Build.0 = Release|Any CPU
		{A192530C-660A-4903-818D-AD0C8398E314}.Debug|Any CPU.ActiveCfg = Debug|Any CPU
		{A192530C-660A-4903-818D-AD0C8398E314}.Debug|Any CPU.Build.0 = Debug|Any CPU
		{A192530C-660A-4903-818D-AD0C8398E314}.Release|Any CPU.ActiveCfg = Release|Any CPU
		{A192530C-660A-4903-818D-AD0C8398E314}.Release|Any CPU.Build.0 = Release|Any CPU
	EndGlobalSection
	GlobalSection(SolutionProperties) = preSolution
		HideSolutionNode = FALSE
	EndGlobalSection
EndGlobal
